
Microsoft Visual Studio Solution File, Format Version 12.00
# Visual Studio Version 17
VisualStudioVersion = 17.10.34916.146
MinimumVisualStudioVersion = 10.0.40219.1
Project("{FAE04EC0-301F-11D3-BF4B-00C04F79EFBC}") = "C#103-WPFApp", "C#103-WPFApp\C#103-WPFApp.csproj", "{F1894DEF-2B06-45F0-8DC9-6545B4D894DA}"
EndProject
Global
	GlobalSection(SolutionConfigurationPlatforms) = preSolution
		Debug|Any CPU = Debug|Any CPU
		Release|Any CPU = Release|Any CPU
	EndGlobalSection
	GlobalSection(ProjectConfigurationPlatforms) = postSolution
		{F1894DEF-2B06-45F0-8DC9-6545B4D894DA}.Debug|Any CPU.ActiveCfg = Debug|Any CPU
		{F1894DEF-2B06-45F0-8DC9-6545B4D894DA}.Debug|Any CPU.Build.0 = Debug|Any CPU
		{F1894DEF-2B06-45F0-8DC9-6545B4D894DA}.Release|Any CPU.ActiveCfg = Release|Any CPU
		{F1894DEF-2B06-45F0-8DC9-6545B4D894DA}.Release|Any CPU.Build.0 = Release|Any CPU
	EndGlobalSection
	GlobalSection(SolutionProperties) = preSolution
		HideSolutionNode = FALSE
	EndGlobalSection
	GlobalSection(ExtensibilityGlobals) = postSolution
		SolutionGuid = {66271D8E-46FF-490F-9AFF-9E217EA89EE3}
	EndGlobalSection
EndGlobal
